// !$*UTF8*$!
{
	archiveVersion = 1;
	classes = {
	};
	objectVersion = 50;
	objects = {

/* Begin PBXBuildFile section */
		C91C8E4921BA5F0500952B31 /* AppDelegate.swift in Sources */ = {isa = PBXBuildFile; fileRef = C91C8E4821BA5F0500952B31 /* AppDelegate.swift */; };
		C91C8E4B21BA5F0500952B31 /* ViewController.swift in Sources */ = {isa = PBXBuildFile; fileRef = C91C8E4A21BA5F0500952B31 /* ViewController.swift */; };
		C91C8E4E21BA5F0500952B31 /* Main.storyboard in Resources */ = {isa = PBXBuildFile; fileRef = C91C8E4C21BA5F0500952B31 /* Main.storyboard */; };
		C91C8E5021BA5F0500952B31 /* Assets.xcassets in Resources */ = {isa = PBXBuildFile; fileRef = C91C8E4F21BA5F0500952B31 /* Assets.xcassets */; };
		C91C8E5321BA5F0500952B31 /* LaunchScreen.storyboard in Resources */ = {isa = PBXBuildFile; fileRef = C91C8E5121BA5F0500952B31 /* LaunchScreen.storyboard */; };
		C91C8E5B21BA5FC800952B31 /* TheoryViewController.swift in Sources */ = {isa = PBXBuildFile; fileRef = C91C8E5A21BA5FC800952B31 /* TheoryViewController.swift */; };
		C91C8E7621BA6B1200952B31 /* CaseyTableView.swift in Sources */ = {isa = PBXBuildFile; fileRef = C91C8E7521BA6B1200952B31 /* CaseyTableView.swift */; };
		C91C8E7821BA711600952B31 /* RowInfoModel.swift in Sources */ = {isa = PBXBuildFile; fileRef = C91C8E7721BA711600952B31 /* RowInfoModel.swift */; };
		C91C8E7A21BA72AD00952B31 /* CaseyTableViewDelegate.swift in Sources */ = {isa = PBXBuildFile; fileRef = C91C8E7921BA72AD00952B31 /* CaseyTableViewDelegate.swift */; };
		C94F3D8621C352CB008D94D6 /* TheoryInitViewController.swift in Sources */ = {isa = PBXBuildFile; fileRef = C94F3D8521C352CB008D94D6 /* TheoryInitViewController.swift */; };
		C94F3D8A21C353DC008D94D6 /* HeaderSuspendViewController.swift in Sources */ = {isa = PBXBuildFile; fileRef = C94F3D8921C353DC008D94D6 /* HeaderSuspendViewController.swift */; };
		C94F3D8C21C353F3008D94D6 /* DeleteStyleViewController.swift in Sources */ = {isa = PBXBuildFile; fileRef = C94F3D8B21C353F3008D94D6 /* DeleteStyleViewController.swift */; };
		C94F3D8E21C35618008D94D6 /* ProjectFile.swift in Sources */ = {isa = PBXBuildFile; fileRef = C94F3D8D21C35618008D94D6 /* ProjectFile.swift */; };
		C94F3D9A21C3565A008D94D6 /* ReportTableView.swift in Sources */ = {isa = PBXBuildFile; fileRef = C94F3D9221C35659008D94D6 /* ReportTableView.swift */; };
		C94F3D9B21C3565A008D94D6 /* ReportTableViewTest.swift in Sources */ = {isa = PBXBuildFile; fileRef = C94F3D9321C35659008D94D6 /* ReportTableViewTest.swift */; };
		C94F3D9C21C3565A008D94D6 /* CellEditButton.swift in Sources */ = {isa = PBXBuildFile; fileRef = C94F3D9521C3565A008D94D6 /* CellEditButton.swift */; };
		C94F3D9D21C3565A008D94D6 /* DeleteStatusView.swift in Sources */ = {isa = PBXBuildFile; fileRef = C94F3D9621C3565A008D94D6 /* DeleteStatusView.swift */; };
		C94F3D9E21C3565A008D94D6 /* DepositReportInfoCell.swift in Sources */ = {isa = PBXBuildFile; fileRef = C94F3D9721C3565A008D94D6 /* DepositReportInfoCell.swift */; };
		C94F3DA721C35837008D94D6 /* UIColorHandle.swift in Sources */ = {isa = PBXBuildFile; fileRef = C94F3DA121C35837008D94D6 /* UIColorHandle.swift */; };
		C94F3DA821C35837008D94D6 /* UIViewFrameHandle.swift in Sources */ = {isa = PBXBuildFile; fileRef = C94F3DA321C35837008D94D6 /* UIViewFrameHandle.swift */; };
		C94F3DA921C35837008D94D6 /* UIViewSearchView.swift in Sources */ = {isa = PBXBuildFile; fileRef = C94F3DA421C35837008D94D6 /* UIViewSearchView.swift */; };
		C94F3DAA21C35837008D94D6 /* DispatchOnce.swift in Sources */ = {isa = PBXBuildFile; fileRef = C94F3DA621C35837008D94D6 /* DispatchOnce.swift */; };
/* End PBXBuildFile section */

/* Begin PBXFileReference section */
		C91C8E4521BA5F0500952B31 /* CaseyTableView.app */ = {isa = PBXFileReference; explicitFileType = wrapper.application; includeInIndex = 0; path = CaseyTableView.app; sourceTree = BUILT_PRODUCTS_DIR; };
		C91C8E4821BA5F0500952B31 /* AppDelegate.swift */ = {isa = PBXFileReference; lastKnownFileType = sourcecode.swift; path = AppDelegate.swift; sourceTree = "<group>"; };
		C91C8E4A21BA5F0500952B31 /* ViewController.swift */ = {isa = PBXFileReference; lastKnownFileType = sourcecode.swift; path = ViewController.swift; sourceTree = "<group>"; };
		C91C8E4D21BA5F0500952B31 /* Base */ = {isa = PBXFileReference; lastKnownFileType = file.storyboard; name = Base; path = Base.lproj/Main.storyboard; sourceTree = "<group>"; };
		C91C8E4F21BA5F0500952B31 /* Assets.xcassets */ = {isa = PBXFileReference; lastKnownFileType = folder.assetcatalog; path = Assets.xcassets; sourceTree = "<group>"; };
		C91C8E5221BA5F0500952B31 /* Base */ = {isa = PBXFileReference; lastKnownFileType = file.storyboard; name = Base; path = Base.lproj/LaunchScreen.storyboard; sourceTree = "<group>"; };
		C91C8E5421BA5F0500952B31 /* Info.plist */ = {isa = PBXFileReference; lastKnownFileType = text.plist.xml; path = Info.plist; sourceTree = "<group>"; };
		C91C8E5A21BA5FC800952B31 /* TheoryViewController.swift */ = {isa = PBXFileReference; lastKnownFileType = sourcecode.swift; path = TheoryViewController.swift; sourceTree = "<group>"; };
		C91C8E7521BA6B1200952B31 /* CaseyTableView.swift */ = {isa = PBXFileReference; lastKnownFileType = sourcecode.swift; path = CaseyTableView.swift; sourceTree = "<group>"; };
		C91C8E7721BA711600952B31 /* RowInfoModel.swift */ = {isa = PBXFileReference; lastKnownFileType = sourcecode.swift; path = RowInfoModel.swift; sourceTree = "<group>"; };
		C91C8E7921BA72AD00952B31 /* CaseyTableViewDelegate.swift */ = {isa = PBXFileReference; lastKnownFileType = sourcecode.swift; path = CaseyTableViewDelegate.swift; sourceTree = "<group>"; };
		C94F3D8521C352CB008D94D6 /* TheoryInitViewController.swift */ = {isa = PBXFileReference; lastKnownFileType = sourcecode.swift; path = TheoryInitViewController.swift; sourceTree = "<group>"; };
		C94F3D8921C353DC008D94D6 /* HeaderSuspendViewController.swift */ = {isa = PBXFileReference; lastKnownFileType = sourcecode.swift; path = HeaderSuspendViewController.swift; sourceTree = "<group>"; };
		C94F3D8B21C353F3008D94D6 /* DeleteStyleViewController.swift */ = {isa = PBXFileReference; lastKnownFileType = sourcecode.swift; path = DeleteStyleViewController.swift; sourceTree = "<group>"; };
		C94F3D8D21C35618008D94D6 /* ProjectFile.swift */ = {isa = PBXFileReference; fileEncoding = 4; lastKnownFileType = sourcecode.swift; path = ProjectFile.swift; sourceTree = "<group>"; };
		C94F3D9221C35659008D94D6 /* ReportTableView.swift */ = {isa = PBXFileReference; fileEncoding = 4; lastKnownFileType = sourcecode.swift; path = ReportTableView.swift; sourceTree = "<group>"; };
		C94F3D9321C35659008D94D6 /* ReportTableViewTest.swift */ = {isa = PBXFileReference; fileEncoding = 4; lastKnownFileType = sourcecode.swift; path = ReportTableViewTest.swift; sourceTree = "<group>"; };
		C94F3D9521C3565A008D94D6 /* CellEditButton.swift */ = {isa = PBXFileReference; fileEncoding = 4; lastKnownFileType = sourcecode.swift; path = CellEditButton.swift; sourceTree = "<group>"; };
		C94F3D9621C3565A008D94D6 /* DeleteStatusView.swift */ = {isa = PBXFileReference; fileEncoding = 4; lastKnownFileType = sourcecode.swift; path = DeleteStatusView.swift; sourceTree = "<group>"; };
		C94F3D9721C3565A008D94D6 /* DepositReportInfoCell.swift */ = {isa = PBXFileReference; fileEncoding = 4; lastKnownFileType = sourcecode.swift; path = DepositReportInfoCell.swift; sourceTree = "<group>"; };
		C94F3DA121C35837008D94D6 /* UIColorHandle.swift */ = {isa = PBXFileReference; fileEncoding = 4; lastKnownFileType = sourcecode.swift; path = UIColorHandle.swift; sourceTree = "<group>"; };
		C94F3DA321C35837008D94D6 /* UIViewFrameHandle.swift */ = {isa = PBXFileReference; fileEncoding = 4; lastKnownFileType = sourcecode.swift; path = UIViewFrameHandle.swift; sourceTree = "<group>"; };
		C94F3DA421C35837008D94D6 /* UIViewSearchView.swift */ = {isa = PBXFileReference; fileEncoding = 4; lastKnownFileType = sourcecode.swift; path = UIViewSearchView.swift; sourceTree = "<group>"; };
		C94F3DA621C35837008D94D6 /* DispatchOnce.swift */ = {isa = PBXFileReference; fileEncoding = 4; lastKnownFileType = sourcecode.swift; path = DispatchOnce.swift; sourceTree = "<group>"; };
/* End PBXFileReference section */

/* Begin PBXFrameworksBuildPhase section */
		C91C8E4221BA5F0500952B31 /* Frameworks */ = {
			isa = PBXFrameworksBuildPhase;
			buildActionMask = 2147483647;
			files = (
			);
			runOnlyForDeploymentPostprocessing = 0;
		};
/* End PBXFrameworksBuildPhase section */

/* Begin PBXGroup section */
		C91C8E3C21BA5F0500952B31 = {
			isa = PBXGroup;
			children = (
				C91C8E4721BA5F0500952B31 /* CaseyTableView */,
				C91C8E4621BA5F0500952B31 /* Products */,
			);
			sourceTree = "<group>";
		};
		C91C8E4621BA5F0500952B31 /* Products */ = {
			isa = PBXGroup;
			children = (
				C91C8E4521BA5F0500952B31 /* CaseyTableView.app */,
			);
			name = Products;
			sourceTree = "<group>";
		};
		C91C8E4721BA5F0500952B31 /* CaseyTableView */ = {
			isa = PBXGroup;
			children = (
				C91C8E4821BA5F0500952B31 /* AppDelegate.swift */,
				C91C8E4A21BA5F0500952B31 /* ViewController.swift */,
				C94F3D8D21C35618008D94D6 /* ProjectFile.swift */,
				C94F3D9F21C3582E008D94D6 /* BaseEnv */,
				C91C8E7421BA683F00952B31 /* Theory */,
				C94F3D8721C353A9008D94D6 /* HeaderSuspend */,
				C94F3D8821C353BA008D94D6 /* DeleteStyle */,
				C91C8E4F21BA5F0500952B31 /* Assets.xcassets */,
				C91C8E4C21BA5F0500952B31 /* Main.storyboard */,
				C91C8E5121BA5F0500952B31 /* LaunchScreen.storyboard */,
				C91C8E5421BA5F0500952B31 /* Info.plist */,
			);
			path = CaseyTableView;
			sourceTree = "<group>";
		};
		C91C8E7421BA683F00952B31 /* Theory */ = {
			isa = PBXGroup;
			children = (
				C94F3D8521C352CB008D94D6 /* TheoryInitViewController.swift */,
				C91C8E5A21BA5FC800952B31 /* TheoryViewController.swift */,
				C91C8E7521BA6B1200952B31 /* CaseyTableView.swift */,
				C91C8E7921BA72AD00952B31 /* CaseyTableViewDelegate.swift */,
				C91C8E7721BA711600952B31 /* RowInfoModel.swift */,
			);
			path = Theory;
			sourceTree = "<group>";
		};
		C94F3D8721C353A9008D94D6 /* HeaderSuspend */ = {
			isa = PBXGroup;
			children = (
				C94F3D8921C353DC008D94D6 /* HeaderSuspendViewController.swift */,
			);
			path = HeaderSuspend;
			sourceTree = "<group>";
		};
		C94F3D8821C353BA008D94D6 /* DeleteStyle */ = {
			isa = PBXGroup;
			children = (
				C94F3D8B21C353F3008D94D6 /* DeleteStyleViewController.swift */,
				C94F3D9221C35659008D94D6 /* ReportTableView.swift */,
				C94F3D9321C35659008D94D6 /* ReportTableViewTest.swift */,
				C94F3D9521C3565A008D94D6 /* CellEditButton.swift */,
				C94F3D9621C3565A008D94D6 /* DeleteStatusView.swift */,
				C94F3D9721C3565A008D94D6 /* DepositReportInfoCell.swift */,
			);
			path = DeleteStyle;
			sourceTree = "<group>";
		};
		C94F3D9F21C3582E008D94D6 /* BaseEnv */ = {
			isa = PBXGroup;
			children = (
				C94F3DA021C35837008D94D6 /* UIColor Category */,
				C94F3DA221C35837008D94D6 /* UIView Frame Category */,
				C94F3DA521C35837008D94D6 /* DispatchQueue Category */,
			);
			path = BaseEnv;
			sourceTree = "<group>";
		};
		C94F3DA021C35837008D94D6 /* UIColor Category */ = {
			isa = PBXGroup;
			children = (
				C94F3DA121C35837008D94D6 /* UIColorHandle.swift */,
			);
			name = "UIColor Category";
			path = "../../../CaseyTableViewDeleteStyle/CaseyTableViewDeleteStyle/UIColor Category";
			sourceTree = "<group>";
		};
		C94F3DA221C35837008D94D6 /* UIView Frame Category */ = {
			isa = PBXGroup;
			children = (
				C94F3DA321C35837008D94D6 /* UIViewFrameHandle.swift */,
				C94F3DA421C35837008D94D6 /* UIViewSearchView.swift */,
			);
			name = "UIView Frame Category";
			path = "../../../CaseyTableViewDeleteStyle/CaseyTableViewDeleteStyle/UIView Frame Category";
			sourceTree = "<group>";
		};
		C94F3DA521C35837008D94D6 /* DispatchQueue Category */ = {
			isa = PBXGroup;
			children = (
				C94F3DA621C35837008D94D6 /* DispatchOnce.swift */,
			);
			name = "DispatchQueue Category";
			path = "../../../CaseyTableViewDeleteStyle/CaseyTableViewDeleteStyle/DispatchQueue Category";
			sourceTree = "<group>";
		};
/* End PBXGroup section */

/* Begin PBXNativeTarget section */
		C91C8E4421BA5F0500952B31 /* CaseyTableView */ = {
			isa = PBXNativeTarget;
			buildConfigurationList = C91C8E5721BA5F0500952B31 /* Build configuration list for PBXNativeTarget "CaseyTableView" */;
			buildPhases = (
				C91C8E4121BA5F0500952B31 /* Sources */,
				C91C8E4221BA5F0500952B31 /* Frameworks */,
				C91C8E4321BA5F0500952B31 /* Resources */,
			);
			buildRules = (
			);
			dependencies = (
			);
			name = CaseyTableView;
			productName = CaseyTableView;
			productReference = C91C8E4521BA5F0500952B31 /* CaseyTableView.app */;
			productType = "com.apple.product-type.application";
		};
/* End PBXNativeTarget section */

/* Begin PBXProject section */
		C91C8E3D21BA5F0500952B31 /* Project object */ = {
			isa = PBXProject;
			attributes = {
				LastSwiftUpdateCheck = 1010;
				LastUpgradeCheck = 1010;
				ORGANIZATIONNAME = Casey;
				TargetAttributes = {
					C91C8E4421BA5F0500952B31 = {
						CreatedOnToolsVersion = 10.1;
					};
				};
			};
			buildConfigurationList = C91C8E4021BA5F0500952B31 /* Build configuration list for PBXProject "CaseyTableView" */;
			compatibilityVersion = "Xcode 9.3";
			developmentRegion = en;
			hasScannedForEncodings = 0;
			knownRegions = (
				en,
				Base,
			);
			mainGroup = C91C8E3C21BA5F0500952B31;
			productRefGroup = C91C8E4621BA5F0500952B31 /* Products */;
			projectDirPath = "";
			projectRoot = "";
			targets = (
				C91C8E4421BA5F0500952B31 /* CaseyTableView */,
			);
		};
/* End PBXProject section */

/* Begin PBXResourcesBuildPhase section */
		C91C8E4321BA5F0500952B31 /* Resources */ = {
			isa = PBXResourcesBuildPhase;
			buildActionMask = 2147483647;
			files = (
				C91C8E5321BA5F0500952B31 /* LaunchScreen.storyboard in Resources */,
				C91C8E5021BA5F0500952B31 /* Assets.xcassets in Resources */,
				C91C8E4E21BA5F0500952B31 /* Main.storyboard in Resources */,
			);
			runOnlyForDeploymentPostprocessing = 0;
		};
/* End PBXResourcesBuildPhase section */

/* Begin PBXSourcesBuildPhase section */
		C91C8E4121BA5F0500952B31 /* Sources */ = {
			isa = PBXSourcesBuildPhase;
			buildActionMask = 2147483647;
			files = (
				C91C8E5B21BA5FC800952B31 /* TheoryViewController.swift in Sources */,
				C94F3D8E21C35618008D94D6 /* ProjectFile.swift in Sources */,
				C91C8E4B21BA5F0500952B31 /* ViewController.swift in Sources */,
				C94F3D9D21C3565A008D94D6 /* DeleteStatusView.swift in Sources */,
				C94F3D9B21C3565A008D94D6 /* ReportTableViewTest.swift in Sources */,
				C94F3DA921C35837008D94D6 /* UIViewSearchView.swift in Sources */,
				C94F3D8A21C353DC008D94D6 /* HeaderSuspendViewController.swift in Sources */,
				C94F3D9C21C3565A008D94D6 /* CellEditButton.swift in Sources */,
				C94F3DA721C35837008D94D6 /* UIColorHandle.swift in Sources */,
				C91C8E7A21BA72AD00952B31 /* CaseyTableViewDelegate.swift in Sources */,
				C91C8E4921BA5F0500952B31 /* AppDelegate.swift in Sources */,
				C94F3D9E21C3565A008D94D6 /* DepositReportInfoCell.swift in Sources */,
				C94F3D9A21C3565A008D94D6 /* ReportTableView.swift in Sources */,
				C94F3DA821C35837008D94D6 /* UIViewFrameHandle.swift in Sources */,
				C94F3DAA21C35837008D94D6 /* DispatchOnce.swift in Sources */,
				C94F3D8621C352CB008D94D6 /* TheoryInitViewController.swift in Sources */,
				C94F3D8C21C353F3008D94D6 /* DeleteStyleViewController.swift in Sources */,
				C91C8E7821BA711600952B31 /* RowInfoModel.swift in Sources */,
				C91C8E7621BA6B1200952B31 /* CaseyTableView.swift in Sources */,
			);
			runOnlyForDeploymentPostprocessing = 0;
		};
/* End PBXSourcesBuildPhase section */

/* Begin PBXVariantGroup section */
		C91C8E4C21BA5F0500952B31 /* Main.storyboard */ = {
			isa = PBXVariantGroup;
			children = (
				C91C8E4D21BA5F0500952B31 /* Base */,
			);
			name = Main.storyboard;
			sourceTree = "<group>";
		};
		C91C8E5121BA5F0500952B31 /* LaunchScreen.storyboard */ = {
			isa = PBXVariantGroup;
			children = (
				C91C8E5221BA5F0500952B31 /* Base */,
			);
			name = LaunchScreen.storyboard;
			sourceTree = "<group>";
		};
/* End PBXVariantGroup section */

/* Begin XCBuildConfiguration section */
		C91C8E5521BA5F0500952B31 /* Debug */ = {
			isa = XCBuildConfiguration;
			buildSettings = {
				ALWAYS_SEARCH_USER_PATHS = NO;
				CLANG_ANALYZER_NONNULL = YES;
				CLANG_ANALYZER_NUMBER_OBJECT_CONVERSION = YES_AGGRESSIVE;
				CLANG_CXX_LANGUAGE_STANDARD = "gnu++14";
				CLANG_CXX_LIBRARY = "libc++";
				CLANG_ENABLE_MODULES = YES;
				CLANG_ENABLE_OBJC_ARC = YES;
				CLANG_ENABLE_OBJC_WEAK = YES;
				CLANG_WARN_BLOCK_CAPTURE_AUTORELEASING = YES;
				CLANG_WARN_BOOL_CONVERSION = YES;
				CLANG_WARN_COMMA = YES;
				CLANG_WARN_CONSTANT_CONVERSION = YES;
				CLANG_WARN_DEPRECATED_OBJC_IMPLEMENTATIONS = YES;
				CLANG_WARN_DIRECT_OBJC_ISA_USAGE = YES_ERROR;
				CLANG_WARN_DOCUMENTATION_COMMENTS = YES;
				CLANG_WARN_EMPTY_BODY = YES;
				CLANG_WARN_ENUM_CONVERSION = YES;
				CLANG_WARN_INFINITE_RECURSION = YES;
				CLANG_WARN_INT_CONVERSION = YES;
				CLANG_WARN_NON_LITERAL_NULL_CONVERSION = YES;
				CLANG_WARN_OBJC_IMPLICIT_RETAIN_SELF = YES;
				CLANG_WARN_OBJC_LITERAL_CONVERSION = YES;
				CLANG_WARN_OBJC_ROOT_CLASS = YES_ERROR;
				CLANG_WARN_RANGE_LOOP_ANALYSIS = YES;
				CLANG_WARN_STRICT_PROTOTYPES = YES;
				CLANG_WARN_SUSPICIOUS_MOVE = YES;
				CLANG_WARN_UNGUARDED_AVAILABILITY = YES_AGGRESSIVE;
				CLANG_WARN_UNREACHABLE_CODE = YES;
				CLANG_WARN__DUPLICATE_METHOD_MATCH = YES;
				CODE_SIGN_IDENTITY = "iPhone Developer";
				COPY_PHASE_STRIP = NO;
				DEBUG_INFORMATION_FORMAT = dwarf;
				ENABLE_STRICT_OBJC_MSGSEND = YES;
				ENABLE_TESTABILITY = YES;
				GCC_C_LANGUAGE_STANDARD = gnu11;
				GCC_DYNAMIC_NO_PIC = NO;
				GCC_NO_COMMON_BLOCKS = YES;
				GCC_OPTIMIZATION_LEVEL = 0;
				GCC_PREPROCESSOR_DEFINITIONS = (
					"DEBUG=1",
					"$(inherited)",
				);
				GCC_WARN_64_TO_32_BIT_CONVERSION = YES;
				GCC_WARN_ABOUT_RETURN_TYPE = YES_ERROR;
				GCC_WARN_UNDECLARED_SELECTOR = YES;
				GCC_WARN_UNINITIALIZED_AUTOS = YES_AGGRESSIVE;
				GCC_WARN_UNUSED_FUNCTION = YES;
				GCC_WARN_UNUSED_VARIABLE = YES;
				IPHONEOS_DEPLOYMENT_TARGET = 10.0;
				MTL_ENABLE_DEBUG_INFO = INCLUDE_SOURCE;
				MTL_FAST_MATH = YES;
				ONLY_ACTIVE_ARCH = YES;
				SDKROOT = iphoneos;
				SWIFT_ACTIVE_COMPILATION_CONDITIONS = DEBUG;
				SWIFT_OPTIMIZATION_LEVEL = "-Onone";
			};
			name = Debug;
		};
		C91C8E5621BA5F0500952B31 /* Release */ = {
			isa = XCBuildConfiguration;
			buildSettings = {
				ALWAYS_SEARCH_USER_PATHS = NO;
				CLANG_ANALYZER_NONNULL = YES;
				CLANG_ANALYZER_NUMBER_OBJECT_CONVERSION = YES_AGGRESSIVE;
				CLANG_CXX_LANGUAGE_STANDARD = "gnu++14";
				CLANG_CXX_LIBRARY = "libc++";
				CLANG_ENABLE_MODULES = YES;
				CLANG_ENABLE_OBJC_ARC = YES;
				CLANG_ENABLE_OBJC_WEAK = YES;
				CLANG_WARN_BLOCK_CAPTURE_AUTORELEASING = YES;
				CLANG_WARN_BOOL_CONVERSION = YES;
				CLANG_WARN_COMMA = YES;
				CLANG_WARN_CONSTANT_CONVERSION = YES;
				CLANG_WARN_DEPRECATED_OBJC_IMPLEMENTATIONS = YES;
				CLANG_WARN_DIRECT_OBJC_ISA_USAGE = YES_ERROR;
				CLANG_WARN_DOCUMENTATION_COMMENTS = YES;
				CLANG_WARN_EMPTY_BODY = YES;
				CLANG_WARN_ENUM_CONVERSION = YES;
				CLANG_WARN_INFINITE_RECURSION = YES;
				CLANG_WARN_INT_CONVERSION = YES;
				CLANG_WARN_NON_LITERAL_NULL_CONVERSION = YES;
				CLANG_WARN_OBJC_IMPLICIT_RETAIN_SELF = YES;
				CLANG_WARN_OBJC_LITERAL_CONVERSION = YES;
				CLANG_WARN_OBJC_ROOT_CLASS = YES_ERROR;
				CLANG_WARN_RANGE_LOOP_ANALYSIS = YES;
				CLANG_WARN_STRICT_PROTOTYPES = YES;
				CLANG_WARN_SUSPICIOUS_MOVE = YES;
				CLANG_WARN_UNGUARDED_AVAILABILITY = YES_AGGRESSIVE;
				CLANG_WARN_UNREACHABLE_CODE = YES;
				CLANG_WARN__DUPLICATE_METHOD_MATCH = YES;
				CODE_SIGN_IDENTITY = "iPhone Developer";
				COPY_PHASE_STRIP = NO;
				DEBUG_INFORMATION_FORMAT = "dwarf-with-dsym";
				ENABLE_NS_ASSERTIONS = NO;
				ENABLE_STRICT_OBJC_MSGSEND = YES;
				GCC_C_LANGUAGE_STANDARD = gnu11;
				GCC_NO_COMMON_BLOCKS = YES;
				GCC_WARN_64_TO_32_BIT_CONVERSION = YES;
				GCC_WARN_ABOUT_RETURN_TYPE = YES_ERROR;
				GCC_WARN_UNDECLARED_SELECTOR = YES;
				GCC_WARN_UNINITIALIZED_AUTOS = YES_AGGRESSIVE;
				GCC_WARN_UNUSED_FUNCTION = YES;
				GCC_WARN_UNUSED_VARIABLE = YES;
				IPHONEOS_DEPLOYMENT_TARGET = 10.0;
				MTL_ENABLE_DEBUG_INFO = NO;
				MTL_FAST_MATH = YES;
				SDKROOT = iphoneos;
				SWIFT_COMPILATION_MODE = wholemodule;
				SWIFT_OPTIMIZATION_LEVEL = "-O";
				VALIDATE_PRODUCT = YES;
			};
			name = Release;
		};
		C91C8E5821BA5F0500952B31 /* Debug */ = {
			isa = XCBuildConfiguration;
			buildSettings = {
				ASSETCATALOG_COMPILER_APPICON_NAME = AppIcon;
				CODE_SIGN_STYLE = Automatic;
				INFOPLIST_FILE = CaseyTableView/Info.plist;
				LD_RUNPATH_SEARCH_PATHS = (
					"$(inherited)",
					"@executable_path/Frameworks",
				);
				PRODUCT_BUNDLE_IDENTIFIER = com.Casey.CaseyTableView;
				PRODUCT_NAME = "$(TARGET_NAME)";
				SWIFT_VERSION = 4.2;
				TARGETED_DEVICE_FAMILY = "1,2";
			};
			name = Debug;
		};
		C91C8E5921BA5F0500952B31 /* Release */ = {
			isa = XCBuildConfiguration;
			buildSettings = {
				ASSETCATALOG_COMPILER_APPICON_NAME = AppIcon;
				CODE_SIGN_STYLE = Automatic;
				INFOPLIST_FILE = CaseyTableView/Info.plist;
				LD_RUNPATH_SEARCH_PATHS = (
					"$(inherited)",
					"@executable_path/Frameworks",
				);
				PRODUCT_BUNDLE_IDENTIFIER = com.Casey.CaseyTableView;
				PRODUCT_NAME = "$(TARGET_NAME)";
				SWIFT_VERSION = 4.2;
				TARGETED_DEVICE_FAMILY = "1,2";
			};
			name = Release;
		};
/* End XCBuildConfiguration section */

/* Begin XCConfigurationList section */
		C91C8E4021BA5F0500952B31 /* Build configuration list for PBXProject "CaseyTableView" */ = {
			isa = XCConfigurationList;
			buildConfigurations = (
				C91C8E5521BA5F0500952B31 /* Debug */,
				C91C8E5621BA5F0500952B31 /* Release */,
			);
			defaultConfigurationIsVisible = 0;
			defaultConfigurationName = Release;
		};
		C91C8E5721BA5F0500952B31 /* Build configuration list for PBXNativeTarget "CaseyTableView" */ = {
			isa = XCConfigurationList;
			buildConfigurations = (
				C91C8E5821BA5F0500952B31 /* Debug */,
				C91C8E5921BA5F0500952B31 /* Release */,
			);
			defaultConfigurationIsVisible = 0;
			defaultConfigurationName = Release;
		};
/* End XCConfigurationList section */
	};
	rootObject = C91C8E3D21BA5F0500952B31 /* Project object */;
}
